
Microsoft Visual Studio Solution File, Format Version 12.00
# Visual Studio Version 16
VisualStudioVersion = 16.0.29920.165
MinimumVisualStudioVersion = 10.0.40219.1
Project("{FAE04EC0-301F-11D3-BF4B-00C04F79EFBC}") = "MvcKutuphane", "MvcKutuphane\MvcKutuphane.csproj", "{EB1D0F1C-CC6D-498C-AED3-91736A17CFDC}"
EndProject
Global
	GlobalSection(SolutionConfigurationPlatforms) = preSolution
		Debug|Any CPU = Debug|Any CPU
		Release|Any CPU = Release|Any CPU
	EndGlobalSection
	GlobalSection(ProjectConfigurationPlatforms) = postSolution
		{EB1D0F1C-CC6D-498C-AED3-91736A17CFDC}.Debug|Any CPU.ActiveCfg = Debug|Any CPU
		{EB1D0F1C-CC6D-498C-AED3-91736A17CFDC}.Debug|Any CPU.Build.0 = Debug|Any CPU
		{EB1D0F1C-CC6D-498C-AED3-91736A17CFDC}.Release|Any CPU.ActiveCfg = Release|Any CPU
		{EB1D0F1C-CC6D-498C-AED3-91736A17CFDC}.Release|Any CPU.Build.0 = Release|Any CPU
	EndGlobalSection
	GlobalSection(SolutionProperties) = preSolution
		HideSolutionNode = FALSE
	EndGlobalSection
	GlobalSection(ExtensibilityGlobals) = postSolution
		SolutionGuid = {767C8E60-B26F-4A02-A9A9-C1B8DE6A95FD}
	EndGlobalSection
EndGlobal
